
Microsoft Visual Studio Solution File, Format Version 12.00
# Visual Studio Version 17
VisualStudioVersion = 17.13.35828.75 d17.13
MinimumVisualStudioVersion = 10.0.40219.1
Project("{FAE04EC0-301F-11D3-BF4B-00C04F79EFBC}") = "QueueApi", "QueueApi\QueueApi.csproj", "{575D6BE5-FFEA-4DB4-BF2B-58ED146ADC28}"
EndProject
Global
	GlobalSection(SolutionConfigurationPlatforms) = preSolution
		Debug|Any CPU = Debug|Any CPU
		Release|Any CPU = Release|Any CPU
	EndGlobalSection
	GlobalSection(ProjectConfigurationPlatforms) = postSolution
		{575D6BE5-FFEA-4DB4-BF2B-58ED146ADC28}.Debug|Any CPU.ActiveCfg = Debug|Any CPU
		{575D6BE5-FFEA-4DB4-BF2B-58ED146ADC28}.Debug|Any CPU.Build.0 = Debug|Any CPU
		{575D6BE5-FFEA-4DB4-BF2B-58ED146ADC28}.Release|Any CPU.ActiveCfg = Release|Any CPU
		{575D6BE5-FFEA-4DB4-BF2B-58ED146ADC28}.Release|Any CPU.Build.0 = Release|Any CPU
	EndGlobalSection
	GlobalSection(SolutionProperties) = preSolution
		HideSolutionNode = FALSE
	EndGlobalSection
	GlobalSection(ExtensibilityGlobals) = postSolution
		SolutionGuid = {E5E3F998-DFF8-4DD3-AC5B-AB6EA9A6AF04}
	EndGlobalSection
EndGlobal
